
Microsoft Visual Studio Solution File, Format Version 12.00
# Visual Studio Version 17
VisualStudioVersion = 17.5.33424.131
MinimumVisualStudioVersion = 10.0.40219.1
Project("{FAE04EC0-301F-11D3-BF4B-00C04F79EFBC}") = "Mollaev", "Mollaev\Mollaev.csproj", "{50382CEF-96F2-4C64-BCCB-95A3AEE0CCEB}"
EndProject
Global
	GlobalSection(SolutionConfigurationPlatforms) = preSolution
		Debug|Any CPU = Debug|Any CPU
		Release|Any CPU = Release|Any CPU
	EndGlobalSection
	GlobalSection(ProjectConfigurationPlatforms) = postSolution
		{50382CEF-96F2-4C64-BCCB-95A3AEE0CCEB}.Debug|Any CPU.ActiveCfg = Debug|Any CPU
		{50382CEF-96F2-4C64-BCCB-95A3AEE0CCEB}.Debug|Any CPU.Build.0 = Debug|Any CPU
		{50382CEF-96F2-4C64-BCCB-95A3AEE0CCEB}.Release|Any CPU.ActiveCfg = Release|Any CPU
		{50382CEF-96F2-4C64-BCCB-95A3AEE0CCEB}.Release|Any CPU.Build.0 = Release|Any CPU
	EndGlobalSection
	GlobalSection(SolutionProperties) = preSolution
		HideSolutionNode = FALSE
	EndGlobalSection
	GlobalSection(ExtensibilityGlobals) = postSolution
		SolutionGuid = {993208FD-CB8D-44FB-B396-55EEE09E010D}
	EndGlobalSection
EndGlobal
